// !$*UTF8*$!
{
	archiveVersion = 1;
	classes = {
	};
	objectVersion = 46;
	objects = {

/* Begin PBXBuildFile section */
		96C9C7931B44BBB7007BA42B /* AppDelegate.swift in Sources */ = {isa = PBXBuildFile; fileRef = 96C9C7921B44BBB7007BA42B /* AppDelegate.swift */; };
		96C9C7951B44BBB7007BA42B /* ViewController.swift in Sources */ = {isa = PBXBuildFile; fileRef = 96C9C7941B44BBB7007BA42B /* ViewController.swift */; };
		96C9C7981B44BBB7007BA42B /* Main.storyboard in Resources */ = {isa = PBXBuildFile; fileRef = 96C9C7961B44BBB7007BA42B /* Main.storyboard */; };
		96C9C79A1B44BBB7007BA42B /* Images.xcassets in Resources */ = {isa = PBXBuildFile; fileRef = 96C9C7991B44BBB7007BA42B /* Images.xcassets */; };
		96C9C79D1B44BBB7007BA42B /* LaunchScreen.xib in Resources */ = {isa = PBXBuildFile; fileRef = 96C9C79B1B44BBB7007BA42B /* LaunchScreen.xib */; };
		96C9C7A91B44BBB7007BA42B /* FoodPinTests.swift in Sources */ = {isa = PBXBuildFile; fileRef = 96C9C7A81B44BBB7007BA42B /* FoodPinTests.swift */; };
/* End PBXBuildFile section */

/* Begin PBXContainerItemProxy section */
		96C9C7A31B44BBB7007BA42B /* PBXContainerItemProxy */ = {
			isa = PBXContainerItemProxy;
			containerPortal = 96C9C7851B44BBB7007BA42B /* Project object */;
			proxyType = 1;
			remoteGlobalIDString = 96C9C78C1B44BBB7007BA42B;
			remoteInfo = FoodPin;
		};
/* End PBXContainerItemProxy section */

/* Begin PBXFileReference section */
		96C9C78D1B44BBB7007BA42B /* FoodPin.app */ = {isa = PBXFileReference; explicitFileType = wrapper.application; includeInIndex = 0; path = FoodPin.app; sourceTree = BUILT_PRODUCTS_DIR; };
		96C9C7911B44BBB7007BA42B /* Info.plist */ = {isa = PBXFileReference; lastKnownFileType = text.plist.xml; path = Info.plist; sourceTree = "<group>"; };
		96C9C7921B44BBB7007BA42B /* AppDelegate.swift */ = {isa = PBXFileReference; lastKnownFileType = sourcecode.swift; path = AppDelegate.swift; sourceTree = "<group>"; };
		96C9C7941B44BBB7007BA42B /* ViewController.swift */ = {isa = PBXFileReference; lastKnownFileType = sourcecode.swift; path = ViewController.swift; sourceTree = "<group>"; };
		96C9C7971B44BBB7007BA42B /* Base */ = {isa = PBXFileReference; lastKnownFileType = file.storyboard; name = Base; path = Base.lproj/Main.storyboard; sourceTree = "<group>"; };
		96C9C7991B44BBB7007BA42B /* Images.xcassets */ = {isa = PBXFileReference; lastKnownFileType = folder.assetcatalog; path = Images.xcassets; sourceTree = "<group>"; };
		96C9C79C1B44BBB7007BA42B /* Base */ = {isa = PBXFileReference; lastKnownFileType = file.xib; name = Base; path = Base.lproj/LaunchScreen.xib; sourceTree = "<group>"; };
		96C9C7A21B44BBB7007BA42B /* FoodPinTests.xctest */ = {isa = PBXFileReference; explicitFileType = wrapper.cfbundle; includeInIndex = 0; path = FoodPinTests.xctest; sourceTree = BUILT_PRODUCTS_DIR; };
		96C9C7A71B44BBB7007BA42B /* Info.plist */ = {isa = PBXFileReference; lastKnownFileType = text.plist.xml; path = Info.plist; sourceTree = "<group>"; };
		96C9C7A81B44BBB7007BA42B /* FoodPinTests.swift */ = {isa = PBXFileReference; lastKnownFileType = sourcecode.swift; path = FoodPinTests.swift; sourceTree = "<group>"; };
/* End PBXFileReference section */

/* Begin PBXFrameworksBuildPhase section */
		96C9C78A1B44BBB7007BA42B /* Frameworks */ = {
			isa = PBXFrameworksBuildPhase;
			buildActionMask = 2147483647;
			files = (
			);
			runOnlyForDeploymentPostprocessing = 0;
		};
		96C9C79F1B44BBB7007BA42B /* Frameworks */ = {
			isa = PBXFrameworksBuildPhase;
			buildActionMask = 2147483647;
			files = (
			);
			runOnlyForDeploymentPostprocessing = 0;
		};
/* End PBXFrameworksBuildPhase section */

/* Begin PBXGroup section */
		96C9C7841B44BBB7007BA42B = {
			isa = PBXGroup;
			children = (
				96C9C78F1B44BBB7007BA42B /* FoodPin */,
				96C9C7A51B44BBB7007BA42B /* FoodPinTests */,
				96C9C78E1B44BBB7007BA42B /* Products */,
			);
			sourceTree = "<group>";
		};
		96C9C78E1B44BBB7007BA42B /* Products */ = {
			isa = PBXGroup;
			children = (
				96C9C78D1B44BBB7007BA42B /* FoodPin.app */,
				96C9C7A21B44BBB7007BA42B /* FoodPinTests.xctest */,
			);
			name = Products;
			sourceTree = "<group>";
		};
		96C9C78F1B44BBB7007BA42B /* FoodPin */ = {
			isa = PBXGroup;
			children = (
				96C9C7921B44BBB7007BA42B /* AppDelegate.swift */,
				96C9C7941B44BBB7007BA42B /* ViewController.swift */,
				96C9C7961B44BBB7007BA42B /* Main.storyboard */,
				96C9C7991B44BBB7007BA42B /* Images.xcassets */,
				96C9C79B1B44BBB7007BA42B /* LaunchScreen.xib */,
				96C9C7901B44BBB7007BA42B /* Supporting Files */,
			);
			path = FoodPin;
			sourceTree = "<group>";
		};
		96C9C7901B44BBB7007BA42B /* Supporting Files */ = {
			isa = PBXGroup;
			children = (
				96C9C7911B44BBB7007BA42B /* Info.plist */,
			);
			name = "Supporting Files";
			sourceTree = "<group>";
		};
		96C9C7A51B44BBB7007BA42B /* FoodPinTests */ = {
			isa = PBXGroup;
			children = (
				96C9C7A81B44BBB7007BA42B /* FoodPinTests.swift */,
				96C9C7A61B44BBB7007BA42B /* Supporting Files */,
			);
			path = FoodPinTests;
			sourceTree = "<group>";
		};
		96C9C7A61B44BBB7007BA42B /* Supporting Files */ = {
			isa = PBXGroup;
			children = (
				96C9C7A71B44BBB7007BA42B /* Info.plist */,
			);
			name = "Supporting Files";
			sourceTree = "<group>";
		};
/* End PBXGroup section */

/* Begin PBXNativeTarget section */
		96C9C78C1B44BBB7007BA42B /* FoodPin */ = {
			isa = PBXNativeTarget;
			buildConfigurationList = 96C9C7AC1B44BBB7007BA42B /* Build configuration list for PBXNativeTarget "FoodPin" */;
			buildPhases = (
				96C9C7891B44BBB7007BA42B /* Sources */,
				96C9C78A1B44BBB7007BA42B /* Frameworks */,
				96C9C78B1B44BBB7007BA42B /* Resources */,
			);
			buildRules = (
			);
			dependencies = (
			);
			name = FoodPin;
			productName = FoodPin;
			productReference = 96C9C78D1B44BBB7007BA42B /* FoodPin.app */;
			productType = "com.apple.product-type.application";
		};
		96C9C7A11B44BBB7007BA42B /* FoodPinTests */ = {
			isa = PBXNativeTarget;
			buildConfigurationList = 96C9C7AF1B44BBB8007BA42B /* Build configuration list for PBXNativeTarget "FoodPinTests" */;
			buildPhases = (
				96C9C79E1B44BBB7007BA42B /* Sources */,
				96C9C79F1B44BBB7007BA42B /* Frameworks */,
				96C9C7A01B44BBB7007BA42B /* Resources */,
			);
			buildRules = (
			);
			dependencies = (
				96C9C7A41B44BBB7007BA42B /* PBXTargetDependency */,
			);
			name = FoodPinTests;
			productName = FoodPinTests;
			productReference = 96C9C7A21B44BBB7007BA42B /* FoodPinTests.xctest */;
			productType = "com.apple.product-type.bundle.unit-test";
		};
/* End PBXNativeTarget section */

/* Begin PBXProject section */
		96C9C7851B44BBB7007BA42B /* Project object */ = {
			isa = PBXProject;
			attributes = {
				LastUpgradeCheck = 0630;
				ORGANIZATIONNAME = Jason;
				TargetAttributes = {
					96C9C78C1B44BBB7007BA42B = {
						CreatedOnToolsVersion = 6.3.2;
					};
					96C9C7A11B44BBB7007BA42B = {
						CreatedOnToolsVersion = 6.3.2;
						TestTargetID = 96C9C78C1B44BBB7007BA42B;
					};
				};
			};
			buildConfigurationList = 96C9C7881B44BBB7007BA42B /* Build configuration list for PBXProject "FoodPin" */;
			compatibilityVersion = "Xcode 3.2";
			developmentRegion = English;
			hasScannedForEncodings = 0;
			knownRegions = (
				en,
				Base,
			);
			mainGroup = 96C9C7841B44BBB7007BA42B;
			productRefGroup = 96C9C78E1B44BBB7007BA42B /* Products */;
			projectDirPath = "";
			projectRoot = "";
			targets = (
				96C9C78C1B44BBB7007BA42B /* FoodPin */,
				96C9C7A11B44BBB7007BA42B /* FoodPinTests */,
			);
		};
/* End PBXProject section */

/* Begin PBXResourcesBuildPhase section */
		96C9C78B1B44BBB7007BA42B /* Resources */ = {
			isa = PBXResourcesBuildPhase;
			buildActionMask = 2147483647;
			files = (
				96C9C7981B44BBB7007BA42B /* Main.storyboard in Resources */,
				96C9C79D1B44BBB7007BA42B /* LaunchScreen.xib in Resources */,
				96C9C79A1B44BBB7007BA42B /* Images.xcassets in Resources */,
			);
			runOnlyForDeploymentPostprocessing = 0;
		};
		96C9C7A01B44BBB7007BA42B /* Resources */ = {
			isa = PBXResourcesBuildPhase;
			buildActionMask = 2147483647;
			files = (
			);
			runOnlyForDeploymentPostprocessing = 0;
		};
/* End PBXResourcesBuildPhase section */

/* Begin PBXSourcesBuildPhase section */
		96C9C7891B44BBB7007BA42B /* Sources */ = {
			isa = PBXSourcesBuildPhase;
			buildActionMask = 2147483647;
			files = (
				96C9C7951B44BBB7007BA42B /* ViewController.swift in Sources */,
				96C9C7931B44BBB7007BA42B /* AppDelegate.swift in Sources */,
			);
			runOnlyForDeploymentPostprocessing = 0;
		};
		96C9C79E1B44BBB7007BA42B /* Sources */ = {
			isa = PBXSourcesBuildPhase;
			buildActionMask = 2147483647;
			files = (
				96C9C7A91B44BBB7007BA42B /* FoodPinTests.swift in Sources */,
			);
			runOnlyForDeploymentPostprocessing = 0;
		};
/* End PBXSourcesBuildPhase section */

/* Begin PBXTargetDependency section */
		96C9C7A41B44BBB7007BA42B /* PBXTargetDependency */ = {
			isa = PBXTargetDependency;
			target = 96C9C78C1B44BBB7007BA42B /* FoodPin */;
			targetProxy = 96C9C7A31B44BBB7007BA42B /* PBXContainerItemProxy */;
		};
/* End PBXTargetDependency section */

/* Begin PBXVariantGroup section */
		96C9C7961B44BBB7007BA42B /* Main.storyboard */ = {
			isa = PBXVariantGroup;
			children = (
				96C9C7971B44BBB7007BA42B /* Base */,
			);
			name = Main.storyboard;
			sourceTree = "<group>";
		};
		96C9C79B1B44BBB7007BA42B /* LaunchScreen.xib */ = {
			isa = PBXVariantGroup;
			children = (
				96C9C79C1B44BBB7007BA42B /* Base */,
			);
			name = LaunchScreen.xib;
			sourceTree = "<group>";
		};
/* End PBXVariantGroup section */

/* Begin XCBuildConfiguration section */
		96C9C7AA1B44BBB7007BA42B /* Debug */ = {
			isa = XCBuildConfiguration;
			buildSettings = {
				ALWAYS_SEARCH_USER_PATHS = NO;
				CLANG_CXX_LANGUAGE_STANDARD = "gnu++0x";
				CLANG_CXX_LIBRARY = "libc++";
				CLANG_ENABLE_MODULES = YES;
				CLANG_ENABLE_OBJC_ARC = YES;
				CLANG_WARN_BOOL_CONVERSION = YES;
				CLANG_WARN_CONSTANT_CONVERSION = YES;
				CLANG_WARN_DIRECT_OBJC_ISA_USAGE = YES_ERROR;
				CLANG_WARN_EMPTY_BODY = YES;
				CLANG_WARN_ENUM_CONVERSION = YES;
				CLANG_WARN_INT_CONVERSION = YES;
				CLANG_WARN_OBJC_ROOT_CLASS = YES_ERROR;
				CLANG_WARN_UNREACHABLE_CODE = YES;
				CLANG_WARN__DUPLICATE_METHOD_MATCH = YES;
				"CODE_SIGN_IDENTITY[sdk=iphoneos*]" = "iPhone Developer";
				COPY_PHASE_STRIP = NO;
				DEBUG_INFORMATION_FORMAT = "dwarf-with-dsym";
				ENABLE_STRICT_OBJC_MSGSEND = YES;
				GCC_C_LANGUAGE_STANDARD = gnu99;
				GCC_DYNAMIC_NO_PIC = NO;
				GCC_NO_COMMON_BLOCKS = YES;
				GCC_OPTIMIZATION_LEVEL = 0;
				GCC_PREPROCESSOR_DEFINITIONS = (
					"DEBUG=1",
					"$(inherited)",
				);
				GCC_SYMBOLS_PRIVATE_EXTERN = NO;
				GCC_WARN_64_TO_32_BIT_CONVERSION = YES;
				GCC_WARN_ABOUT_RETURN_TYPE = YES_ERROR;
				GCC_WARN_UNDECLARED_SELECTOR = YES;
				GCC_WARN_UNINITIALIZED_AUTOS = YES_AGGRESSIVE;
				GCC_WARN_UNUSED_FUNCTION = YES;
				GCC_WARN_UNUSED_VARIABLE = YES;
				IPHONEOS_DEPLOYMENT_TARGET = 8.3;
				MTL_ENABLE_DEBUG_INFO = YES;
				ONLY_ACTIVE_ARCH = YES;
				SDKROOT = iphoneos;
				SWIFT_OPTIMIZATION_LEVEL = "-Onone";
			};
			name = Debug;
		};
		96C9C7AB1B44BBB7007BA42B /* Release */ = {
			isa = XCBuildConfiguration;
			buildSettings = {
				ALWAYS_SEARCH_USER_PATHS = NO;
				CLANG_CXX_LANGUAGE_STANDARD = "gnu++0x";
				CLANG_CXX_LIBRARY = "libc++";
				CLANG_ENABLE_MODULES = YES;
				CLANG_ENABLE_OBJC_ARC = YES;
				CLANG_WARN_BOOL_CONVERSION = YES;
				CLANG_WARN_CONSTANT_CONVERSION = YES;
				CLANG_WARN_DIRECT_OBJC_ISA_USAGE = YES_ERROR;
				CLANG_WARN_EMPTY_BODY = YES;
				CLANG_WARN_ENUM_CONVERSION = YES;
				CLANG_WARN_INT_CONVERSION = YES;
				CLANG_WARN_OBJC_ROOT_CLASS = YES_ERROR;
				CLANG_WARN_UNREACHABLE_CODE = YES;
				CLANG_WARN__DUPLICATE_METHOD_MATCH = YES;
				"CODE_SIGN_IDENTITY[sdk=iphoneos*]" = "iPhone Developer";
				COPY_PHASE_STRIP = NO;
				DEBUG_INFORMATION_FORMAT = "dwarf-with-dsym";
				ENABLE_NS_ASSERTIONS = NO;
				ENABLE_STRICT_OBJC_MSGSEND = YES;
				GCC_C_LANGUAGE_STANDARD = gnu99;
				GCC_NO_COMMON_BLOCKS = YES;
				GCC_WARN_64_TO_32_BIT_CONVERSION = YES;
				GCC_WARN_ABOUT_RETURN_TYPE = YES_ERROR;
				GCC_WARN_UNDECLARED_SELECTOR = YES;
				GCC_WARN_UNINITIALIZED_AUTOS = YES_AGGRESSIVE;
				GCC_WARN_UNUSED_FUNCTION = YES;
				GCC_WARN_UNUSED_VARIABLE = YES;
				IPHONEOS_DEPLOYMENT_TARGET = 8.3;
				MTL_ENABLE_DEBUG_INFO = NO;
				SDKROOT = iphoneos;
				VALIDATE_PRODUCT = YES;
			};
			name = Release;
		};
		96C9C7AD1B44BBB7007BA42B /* Debug */ = {
			isa = XCBuildConfiguration;
			buildSettings = {
				ASSETCATALOG_COMPILER_APPICON_NAME = AppIcon;
				INFOPLIST_FILE = FoodPin/Info.plist;
				LD_RUNPATH_SEARCH_PATHS = "$(inherited) @executable_path/Frameworks";
				PRODUCT_NAME = "$(TARGET_NAME)";
			};
			name = Debug;
		};
		96C9C7AE1B44BBB8007BA42B /* Release */ = {
			isa = XCBuildConfiguration;
			buildSettings = {
				ASSETCATALOG_COMPILER_APPICON_NAME = AppIcon;
				INFOPLIST_FILE = FoodPin/Info.plist;
				LD_RUNPATH_SEARCH_PATHS = "$(inherited) @executable_path/Frameworks";
				PRODUCT_NAME = "$(TARGET_NAME)";
			};
			name = Release;
		};
		96C9C7B01B44BBB8007BA42B /* Debug */ = {
			isa = XCBuildConfiguration;
			buildSettings = {
				BUNDLE_LOADER = "$(TEST_HOST)";
				FRAMEWORK_SEARCH_PATHS = (
					"$(SDKROOT)/Developer/Library/Frameworks",
					"$(inherited)",
				);
				GCC_PREPROCESSOR_DEFINITIONS = (
					"DEBUG=1",
					"$(inherited)",
				);
				INFOPLIST_FILE = FoodPinTests/Info.plist;
				LD_RUNPATH_SEARCH_PATHS = "$(inherited) @executable_path/Frameworks @loader_path/Frameworks";
				PRODUCT_NAME = "$(TARGET_NAME)";
				TEST_HOST = "$(BUILT_PRODUCTS_DIR)/FoodPin.app/FoodPin";
			};
			name = Debug;
		};
		96C9C7B11B44BBB8007BA42B /* Release */ = {
			isa = XCBuildConfiguration;
			buildSettings = {
				BUNDLE_LOADER = "$(TEST_HOST)";
				FRAMEWORK_SEARCH_PATHS = (
					"$(SDKROOT)/Developer/Library/Frameworks",
					"$(inherited)",
				);
				INFOPLIST_FILE = FoodPinTests/Info.plist;
				LD_RUNPATH_SEARCH_PATHS = "$(inherited) @executable_path/Frameworks @loader_path/Frameworks";
				PRODUCT_NAME = "$(TARGET_NAME)";
				TEST_HOST = "$(BUILT_PRODUCTS_DIR)/FoodPin.app/FoodPin";
			};
			name = Release;
		};
/* End XCBuildConfiguration section */

/* Begin XCConfigurationList section */
		96C9C7881B44BBB7007BA42B /* Build configuration list for PBXProject "FoodPin" */ = {
			isa = XCConfigurationList;
			buildConfigurations = (
				96C9C7AA1B44BBB7007BA42B /* Debug */,
				96C9C7AB1B44BBB7007BA42B /* Release */,
			);
			defaultConfigurationIsVisible = 0;
			defaultConfigurationName = Release;
		};
		96C9C7AC1B44BBB7007BA42B /* Build configuration list for PBXNativeTarget "FoodPin" */ = {
			isa = XCConfigurationList;
			buildConfigurations = (
				96C9C7AD1B44BBB7007BA42B /* Debug */,
				96C9C7AE1B44BBB8007BA42B /* Release */,
			);
			defaultConfigurationIsVisible = 0;
		};
		96C9C7AF1B44BBB8007BA42B /* Build configuration list for PBXNativeTarget "FoodPinTests" */ = {
			isa = XCConfigurationList;
			buildConfigurations = (
				96C9C7B01B44BBB8007BA42B /* Debug */,
				96C9C7B11B44BBB8007BA42B /* Release */,
			);
			defaultConfigurationIsVisible = 0;
		};
/* End XCConfigurationList section */
	};
	rootObject = 96C9C7851B44BBB7007BA42B /* Project object */;
}
